
Microsoft Visual Studio Solution File, Format Version 12.00
# Visual Studio 15
VisualStudioVersion = 15.0.28307.779
MinimumVisualStudioVersion = 10.0.40219.1
Project("{888888A0-9F3D-457C-B088-3A5042F75D52}") = "hesap_makinesi", "hesap_makinesi\hesap_makinesi.pyproj", "{07FEC809-F280-47C0-A2A0-ED904C9E99DD}"
EndProject
Global
	GlobalSection(SolutionConfigurationPlatforms) = preSolution
		Debug|Any CPU = Debug|Any CPU
		Release|Any CPU = Release|Any CPU
	EndGlobalSection
	GlobalSection(ProjectConfigurationPlatforms) = postSolution
		{07FEC809-F280-47C0-A2A0-ED904C9E99DD}.Debug|Any CPU.ActiveCfg = Debug|Any CPU
		{07FEC809-F280-47C0-A2A0-ED904C9E99DD}.Release|Any CPU.ActiveCfg = Release|Any CPU
	EndGlobalSection
	GlobalSection(SolutionProperties) = preSolution
		HideSolutionNode = FALSE
	EndGlobalSection
	GlobalSection(ExtensibilityGlobals) = postSolution
		SolutionGuid = {83FF8043-5ED0-4ABC-8F99-04D0F2027AF4}
	EndGlobalSection
EndGlobal
